
Microsoft Visual Studio Solution File, Format Version 12.00
# Visual Studio 14
VisualStudioVersion = 14.0.25420.1
MinimumVisualStudioVersion = 10.0.40219.1
Project("{FAE04EC0-301F-11D3-BF4B-00C04F79EFBC}") = "WebServer", "WebServer\WebServer.csproj", "{0082D0DC-4B46-43E0-9761-7BA8DFF568E0}"
EndProject
Project("{FAE04EC0-301F-11D3-BF4B-00C04F79EFBC}") = "WebApi", "WebApi\WebApi.csproj", "{1CE92C10-0AE0-4172-B10E-4DB91319DD44}"
EndProject
Project("{FAE04EC0-301F-11D3-BF4B-00C04F79EFBC}") = "DataAccess", "DataAccess\DataAccess.csproj", "{17B65A7B-0353-45EB-A14D-EA0971925B10}"
EndProject
Project("{FAE04EC0-301F-11D3-BF4B-00C04F79EFBC}") = "DataServices", "DataServices\DataServices.csproj", "{2B9421E3-44C5-4E22-A81D-4472F8A0D812}"
EndProject
Global
	GlobalSection(SolutionConfigurationPlatforms) = preSolution
		Debug|Any CPU = Debug|Any CPU
		Release|Any CPU = Release|Any CPU
	EndGlobalSection
	GlobalSection(ProjectConfigurationPlatforms) = postSolution
		{0082D0DC-4B46-43E0-9761-7BA8DFF568E0}.Debug|Any CPU.ActiveCfg = Debug|Any CPU
		{0082D0DC-4B46-43E0-9761-7BA8DFF568E0}.Debug|Any CPU.Build.0 = Debug|Any CPU
		{0082D0DC-4B46-43E0-9761-7BA8DFF568E0}.Release|Any CPU.ActiveCfg = Release|Any CPU
		{0082D0DC-4B46-43E0-9761-7BA8DFF568E0}.Release|Any CPU.Build.0 = Release|Any CPU
		{1CE92C10-0AE0-4172-B10E-4DB91319DD44}.Debug|Any CPU.ActiveCfg = Debug|Any CPU
		{1CE92C10-0AE0-4172-B10E-4DB91319DD44}.Debug|Any CPU.Build.0 = Debug|Any CPU
		{1CE92C10-0AE0-4172-B10E-4DB91319DD44}.Release|Any CPU.ActiveCfg = Release|Any CPU
		{1CE92C10-0AE0-4172-B10E-4DB91319DD44}.Release|Any CPU.Build.0 = Release|Any CPU
		{17B65A7B-0353-45EB-A14D-EA0971925B10}.Debug|Any CPU.ActiveCfg = Debug|Any CPU
		{17B65A7B-0353-45EB-A14D-EA0971925B10}.Debug|Any CPU.Build.0 = Debug|Any CPU
		{17B65A7B-0353-45EB-A14D-EA0971925B10}.Release|Any CPU.ActiveCfg = Release|Any CPU
		{17B65A7B-0353-45EB-A14D-EA0971925B10}.Release|Any CPU.Build.0 = Release|Any CPU
		{2B9421E3-44C5-4E22-A81D-4472F8A0D812}.Debug|Any CPU.ActiveCfg = Debug|Any CPU
		{2B9421E3-44C5-4E22-A81D-4472F8A0D812}.Debug|Any CPU.Build.0 = Debug|Any CPU
		{2B9421E3-44C5-4E22-A81D-4472F8A0D812}.Release|Any CPU.ActiveCfg = Release|Any CPU
		{2B9421E3-44C5-4E22-A81D-4472F8A0D812}.Release|Any CPU.Build.0 = Release|Any CPU
	EndGlobalSection
	GlobalSection(SolutionProperties) = preSolution
		HideSolutionNode = FALSE
	EndGlobalSection
EndGlobal
